
Microsoft Visual Studio Solution File, Format Version 12.00
# Visual Studio 15
VisualStudioVersion = 15.0.28307.168
MinimumVisualStudioVersion = 10.0.40219.1
Project("{FAE04EC0-301F-11D3-BF4B-00C04F79EFBC}") = "Chat Client", "Chat Client\Chat Client.csproj", "{5115E4A3-42DB-44FE-B24A-6FDA81BD9A58}"
	ProjectSection(ProjectDependencies) = postProject
		{3DA424C8-FDF7-4F00-B546-409FDBAB81DC} = {3DA424C8-FDF7-4F00-B546-409FDBAB81DC}
	EndProjectSection
EndProject
Project("{FAE04EC0-301F-11D3-BF4B-00C04F79EFBC}") = "ChatSystemCommon", "ChatSystemCommon\ChatSystemCommon.csproj", "{3DA424C8-FDF7-4F00-B546-409FDBAB81DC}"
EndProject
Global
	GlobalSection(SolutionConfigurationPlatforms) = preSolution
		Debug|Any CPU = Debug|Any CPU
		Release|Any CPU = Release|Any CPU
	EndGlobalSection
	GlobalSection(ProjectConfigurationPlatforms) = postSolution
		{5115E4A3-42DB-44FE-B24A-6FDA81BD9A58}.Debug|Any CPU.ActiveCfg = Debug|Any CPU
		{5115E4A3-42DB-44FE-B24A-6FDA81BD9A58}.Debug|Any CPU.Build.0 = Debug|Any CPU
		{5115E4A3-42DB-44FE-B24A-6FDA81BD9A58}.Release|Any CPU.ActiveCfg = Release|Any CPU
		{5115E4A3-42DB-44FE-B24A-6FDA81BD9A58}.Release|Any CPU.Build.0 = Release|Any CPU
		{3DA424C8-FDF7-4F00-B546-409FDBAB81DC}.Debug|Any CPU.ActiveCfg = Debug|Any CPU
		{3DA424C8-FDF7-4F00-B546-409FDBAB81DC}.Debug|Any CPU.Build.0 = Debug|Any CPU
		{3DA424C8-FDF7-4F00-B546-409FDBAB81DC}.Release|Any CPU.ActiveCfg = Release|Any CPU
		{3DA424C8-FDF7-4F00-B546-409FDBAB81DC}.Release|Any CPU.Build.0 = Release|Any CPU
	EndGlobalSection
	GlobalSection(SolutionProperties) = preSolution
		HideSolutionNode = FALSE
	EndGlobalSection
	GlobalSection(ExtensibilityGlobals) = postSolution
		SolutionGuid = {8E4CB889-B5E9-411E-AB28-76A843BD0456}
	EndGlobalSection
EndGlobal
